{"version":4,"terraform_version":"1.9.1","serial":1,"lineage":"4d1a051e-4865-bb6a-7139-16aad064a371","outputs":{},"resources":[{"mode":"managed","type":"vault_mount","name":"kv_engine","provider":"provider[\"registry.opentofu.org/hashicorp/vault\"]","instances":[{"schema_version":0,"attributes":{"accessor":"kv_213fdd0c","allowed_managed_keys":null,"allowed_response_headers":null,"audit_non_hmac_request_keys":[],"audit_non_hmac_response_keys":[],"default_lease_ttl_seconds":0,"delegated_auth_accessors":null,"description":"","external_entropy_access":false,"id":"kv/Monorepo-AI-Powered","identity_token_key":"","listing_visibility":"","local":false,"max_lease_ttl_seconds":0,"namespace":null,"options":{"version":"2"},"passthrough_request_headers":null,"path":"kv/Monorepo-AI-Powered","plugin_version":null,"seal_wrap":false,"type":"kv"},"sensitive_attributes":[],"private":"bnVsbA=="}]},{"mode":"managed","type":"vault_policy","name":"repo_policy","provider":"provider[\"registry.opentofu.org/hashicorp/vault\"]","instances":[{"schema_version":0,"attributes":{"id":"Monorepo-AI-Powered","name":"Monorepo-AI-Powered","namespace":null,"policy":"path \"kv/Monorepo-AI-Powered/*\" {\n  capabilities = [\"create\", \"read\", \"update\", \"delete\", \"list\"]\n}\n"},"sensitive_attributes":[],"private":"bnVsbA=="}]}],"check_results":null}
